
Microsoft Visual Studio Solution File, Format Version 12.00
# Visual Studio Version 17
VisualStudioVersion = 17.12.35527.113
MinimumVisualStudioVersion = 10.0.40219.1
Project("{FAE04EC0-301F-11D3-BF4B-00C04F79EFBC}") = "BrightnessControl", "BrightnessControl.csproj", "{46038549-EC77-472E-A3D2-A4DF5A7BFCE3}"
EndProject
Global
	GlobalSection(SolutionConfigurationPlatforms) = preSolution
		Debug|x64 = Debug|x64
		Release|x64 = Release|x64
	EndGlobalSection
	GlobalSection(ProjectConfigurationPlatforms) = postSolution
		{46038549-EC77-472E-A3D2-A4DF5A7BFCE3}.Debug|x64.ActiveCfg = Debug|x64
		{46038549-EC77-472E-A3D2-A4DF5A7BFCE3}.Debug|x64.Build.0 = Debug|x64
		{46038549-EC77-472E-A3D2-A4DF5A7BFCE3}.Release|x64.ActiveCfg = Release|x64
		{46038549-EC77-472E-A3D2-A4DF5A7BFCE3}.Release|x64.Build.0 = Release|x64
	EndGlobalSection
	GlobalSection(SolutionProperties) = preSolution
		HideSolutionNode = FALSE
	EndGlobalSection
EndGlobal
